
Microsoft Visual Studio Solution File, Format Version 12.00
# Visual Studio Version 16
VisualStudioVersion = 16.0.29613.14
MinimumVisualStudioVersion = 10.0.40219.1
Project("{2150E333-8FDC-42A3-9474-1A3956D46DE8}") = "DuinoRF24Client", "DuinoRF24Client", "{DCB49149-44A3-4773-828A-2BD06F3ABEE4}"
	ProjectSection(SolutionItems) = preProject
		DuinoRF24Client\DuinoRF24Client.ino = DuinoRF24Client\DuinoRF24Client.ino
	EndProjectSection
EndProject
Project("{9A19103F-16F7-4668-BE54-9A1E7A4F7556}") = "ModuleSPI", "ModuleSPI\ModuleSPI.csproj", "{C29D8FEE-44F2-4F5D-B3A3-44DC5B4DED1D}"
EndProject
Project("{FAE04EC0-301F-11D3-BF4B-00C04F79EFBC}") = "Radios.RF24", "Radios.RF24\Radios.RF24.csproj", "{5A9983CD-F7F9-496A-AB1F-08A930025554}"
EndProject
Project("{9A19103F-16F7-4668-BE54-9A1E7A4F7556}") = "MeadowRF24Client", "MeadowRF24Client\MeadowRF24Client.csproj", "{3EAD57D5-FD4A-41C4-8B41-3AE71AD95286}"
EndProject
Global
	GlobalSection(SolutionConfigurationPlatforms) = preSolution
		Debug|Any CPU = Debug|Any CPU
		Debug|ARM = Debug|ARM
		Debug|x64 = Debug|x64
		Debug|x86 = Debug|x86
		Release|Any CPU = Release|Any CPU
		Release|ARM = Release|ARM
		Release|x64 = Release|x64
		Release|x86 = Release|x86
	EndGlobalSection
	GlobalSection(ProjectConfigurationPlatforms) = postSolution
		{C29D8FEE-44F2-4F5D-B3A3-44DC5B4DED1D}.Debug|Any CPU.ActiveCfg = Debug|Any CPU
		{C29D8FEE-44F2-4F5D-B3A3-44DC5B4DED1D}.Debug|Any CPU.Build.0 = Debug|Any CPU
		{C29D8FEE-44F2-4F5D-B3A3-44DC5B4DED1D}.Debug|Any CPU.Deploy.0 = Debug|Any CPU
		{C29D8FEE-44F2-4F5D-B3A3-44DC5B4DED1D}.Debug|ARM.ActiveCfg = Debug|Any CPU
		{C29D8FEE-44F2-4F5D-B3A3-44DC5B4DED1D}.Debug|ARM.Build.0 = Debug|Any CPU
		{C29D8FEE-44F2-4F5D-B3A3-44DC5B4DED1D}.Debug|ARM.Deploy.0 = Debug|Any CPU
		{C29D8FEE-44F2-4F5D-B3A3-44DC5B4DED1D}.Debug|x64.ActiveCfg = Debug|Any CPU
		{C29D8FEE-44F2-4F5D-B3A3-44DC5B4DED1D}.Debug|x64.Build.0 = Debug|Any CPU
		{C29D8FEE-44F2-4F5D-B3A3-44DC5B4DED1D}.Debug|x64.Deploy.0 = Debug|Any CPU
		{C29D8FEE-44F2-4F5D-B3A3-44DC5B4DED1D}.Debug|x86.ActiveCfg = Debug|Any CPU
		{C29D8FEE-44F2-4F5D-B3A3-44DC5B4DED1D}.Debug|x86.Build.0 = Debug|Any CPU
		{C29D8FEE-44F2-4F5D-B3A3-44DC5B4DED1D}.Debug|x86.Deploy.0 = Debug|Any CPU
		{C29D8FEE-44F2-4F5D-B3A3-44DC5B4DED1D}.Release|Any CPU.ActiveCfg = Release|Any CPU
		{C29D8FEE-44F2-4F5D-B3A3-44DC5B4DED1D}.Release|Any CPU.Build.0 = Release|Any CPU
		{C29D8FEE-44F2-4F5D-B3A3-44DC5B4DED1D}.Release|Any CPU.Deploy.0 = Release|Any CPU
		{C29D8FEE-44F2-4F5D-B3A3-44DC5B4DED1D}.Release|ARM.ActiveCfg = Release|Any CPU
		{C29D8FEE-44F2-4F5D-B3A3-44DC5B4DED1D}.Release|ARM.Build.0 = Release|Any CPU
		{C29D8FEE-44F2-4F5D-B3A3-44DC5B4DED1D}.Release|ARM.Deploy.0 = Release|Any CPU
		{C29D8FEE-44F2-4F5D-B3A3-44DC5B4DED1D}.Release|x64.ActiveCfg = Release|Any CPU
		{C29D8FEE-44F2-4F5D-B3A3-44DC5B4DED1D}.Release|x64.Build.0 = Release|Any CPU
		{C29D8FEE-44F2-4F5D-B3A3-44DC5B4DED1D}.Release|x64.Deploy.0 = Release|Any CPU
		{C29D8FEE-44F2-4F5D-B3A3-44DC5B4DED1D}.Release|x86.ActiveCfg = Release|Any CPU
		{C29D8FEE-44F2-4F5D-B3A3-44DC5B4DED1D}.Release|x86.Build.0 = Release|Any CPU
		{C29D8FEE-44F2-4F5D-B3A3-44DC5B4DED1D}.Release|x86.Deploy.0 = Release|Any CPU
		{5A9983CD-F7F9-496A-AB1F-08A930025554}.Debug|Any CPU.ActiveCfg = Debug|Any CPU
		{5A9983CD-F7F9-496A-AB1F-08A930025554}.Debug|Any CPU.Build.0 = Debug|Any CPU
		{5A9983CD-F7F9-496A-AB1F-08A930025554}.Debug|ARM.ActiveCfg = Debug|Any CPU
		{5A9983CD-F7F9-496A-AB1F-08A930025554}.Debug|ARM.Build.0 = Debug|Any CPU
		{5A9983CD-F7F9-496A-AB1F-08A930025554}.Debug|x64.ActiveCfg = Debug|Any CPU
		{5A9983CD-F7F9-496A-AB1F-08A930025554}.Debug|x64.Build.0 = Debug|Any CPU
		{5A9983CD-F7F9-496A-AB1F-08A930025554}.Debug|x86.ActiveCfg = Debug|Any CPU
		{5A9983CD-F7F9-496A-AB1F-08A930025554}.Debug|x86.Build.0 = Debug|Any CPU
		{5A9983CD-F7F9-496A-AB1F-08A930025554}.Release|Any CPU.ActiveCfg = Release|Any CPU
		{5A9983CD-F7F9-496A-AB1F-08A930025554}.Release|Any CPU.Build.0 = Release|Any CPU
		{5A9983CD-F7F9-496A-AB1F-08A930025554}.Release|ARM.ActiveCfg = Release|Any CPU
		{5A9983CD-F7F9-496A-AB1F-08A930025554}.Release|ARM.Build.0 = Release|Any CPU
		{5A9983CD-F7F9-496A-AB1F-08A930025554}.Release|x64.ActiveCfg = Release|Any CPU
		{5A9983CD-F7F9-496A-AB1F-08A930025554}.Release|x64.Build.0 = Release|Any CPU
		{5A9983CD-F7F9-496A-AB1F-08A930025554}.Release|x86.ActiveCfg = Release|Any CPU
		{5A9983CD-F7F9-496A-AB1F-08A930025554}.Release|x86.Build.0 = Release|Any CPU
		{3EAD57D5-FD4A-41C4-8B41-3AE71AD95286}.Debug|Any CPU.ActiveCfg = Debug|Any CPU
		{3EAD57D5-FD4A-41C4-8B41-3AE71AD95286}.Debug|Any CPU.Build.0 = Debug|Any CPU
		{3EAD57D5-FD4A-41C4-8B41-3AE71AD95286}.Debug|Any CPU.Deploy.0 = Debug|Any CPU
		{3EAD57D5-FD4A-41C4-8B41-3AE71AD95286}.Debug|ARM.ActiveCfg = Debug|Any CPU
		{3EAD57D5-FD4A-41C4-8B41-3AE71AD95286}.Debug|ARM.Build.0 = Debug|Any CPU
		{3EAD57D5-FD4A-41C4-8B41-3AE71AD95286}.Debug|ARM.Deploy.0 = Debug|Any CPU
		{3EAD57D5-FD4A-41C4-8B41-3AE71AD95286}.Debug|x64.ActiveCfg = Debug|Any CPU
		{3EAD57D5-FD4A-41C4-8B41-3AE71AD95286}.Debug|x64.Build.0 = Debug|Any CPU
		{3EAD57D5-FD4A-41C4-8B41-3AE71AD95286}.Debug|x64.Deploy.0 = Debug|Any CPU
		{3EAD57D5-FD4A-41C4-8B41-3AE71AD95286}.Debug|x86.ActiveCfg = Debug|Any CPU
		{3EAD57D5-FD4A-41C4-8B41-3AE71AD95286}.Debug|x86.Build.0 = Debug|Any CPU
		{3EAD57D5-FD4A-41C4-8B41-3AE71AD95286}.Debug|x86.Deploy.0 = Debug|Any CPU
		{3EAD57D5-FD4A-41C4-8B41-3AE71AD95286}.Release|Any CPU.ActiveCfg = Release|Any CPU
		{3EAD57D5-FD4A-41C4-8B41-3AE71AD95286}.Release|Any CPU.Build.0 = Release|Any CPU
		{3EAD57D5-FD4A-41C4-8B41-3AE71AD95286}.Release|Any CPU.Deploy.0 = Release|Any CPU
		{3EAD57D5-FD4A-41C4-8B41-3AE71AD95286}.Release|ARM.ActiveCfg = Release|Any CPU
		{3EAD57D5-FD4A-41C4-8B41-3AE71AD95286}.Release|ARM.Build.0 = Release|Any CPU
		{3EAD57D5-FD4A-41C4-8B41-3AE71AD95286}.Release|ARM.Deploy.0 = Release|Any CPU
		{3EAD57D5-FD4A-41C4-8B41-3AE71AD95286}.Release|x64.ActiveCfg = Release|Any CPU
		{3EAD57D5-FD4A-41C4-8B41-3AE71AD95286}.Release|x64.Build.0 = Release|Any CPU
		{3EAD57D5-FD4A-41C4-8B41-3AE71AD95286}.Release|x64.Deploy.0 = Release|Any CPU
		{3EAD57D5-FD4A-41C4-8B41-3AE71AD95286}.Release|x86.ActiveCfg = Release|Any CPU
		{3EAD57D5-FD4A-41C4-8B41-3AE71AD95286}.Release|x86.Build.0 = Release|Any CPU
		{3EAD57D5-FD4A-41C4-8B41-3AE71AD95286}.Release|x86.Deploy.0 = Release|Any CPU
	EndGlobalSection
	GlobalSection(SolutionProperties) = preSolution
		HideSolutionNode = FALSE
	EndGlobalSection
	GlobalSection(ExtensibilityGlobals) = postSolution
		SolutionGuid = {3BE66D3B-310D-4295-AD5F-2D308A417899}
	EndGlobalSection
EndGlobal
